
Microsoft Visual Studio Solution File, Format Version 12.00
# Visual Studio Version 16
VisualStudioVersion = 16.0.28803.202
MinimumVisualStudioVersion = 10.0.40219.1
Project("{FAE04EC0-301F-11D3-BF4B-00C04F79EFBC}") = "Shapes.UI", "Shapes.UI\Shapes.UI.csproj", "{8CCDF808-5ACE-42F1-8291-89EBA575119D}"
EndProject
Project("{FAE04EC0-301F-11D3-BF4B-00C04F79EFBC}") = "Shapes.Library", "Shapes.Library\Shapes.Library.csproj", "{460FB765-56E1-4015-9DF1-40B3E48E2B50}"
EndProject
Global
	GlobalSection(SolutionConfigurationPlatforms) = preSolution
		Debug|Any CPU = Debug|Any CPU
		Release|Any CPU = Release|Any CPU
	EndGlobalSection
	GlobalSection(ProjectConfigurationPlatforms) = postSolution
		{8CCDF808-5ACE-42F1-8291-89EBA575119D}.Debug|Any CPU.ActiveCfg = Debug|Any CPU
		{8CCDF808-5ACE-42F1-8291-89EBA575119D}.Debug|Any CPU.Build.0 = Debug|Any CPU
		{8CCDF808-5ACE-42F1-8291-89EBA575119D}.Release|Any CPU.ActiveCfg = Release|Any CPU
		{8CCDF808-5ACE-42F1-8291-89EBA575119D}.Release|Any CPU.Build.0 = Release|Any CPU
		{460FB765-56E1-4015-9DF1-40B3E48E2B50}.Debug|Any CPU.ActiveCfg = Debug|Any CPU
		{460FB765-56E1-4015-9DF1-40B3E48E2B50}.Debug|Any CPU.Build.0 = Debug|Any CPU
		{460FB765-56E1-4015-9DF1-40B3E48E2B50}.Release|Any CPU.ActiveCfg = Release|Any CPU
		{460FB765-56E1-4015-9DF1-40B3E48E2B50}.Release|Any CPU.Build.0 = Release|Any CPU
	EndGlobalSection
	GlobalSection(SolutionProperties) = preSolution
		HideSolutionNode = FALSE
	EndGlobalSection
	GlobalSection(ExtensibilityGlobals) = postSolution
		SolutionGuid = {F57F10F5-95CC-4A2E-B151-F8E41FBBC793}
	EndGlobalSection
EndGlobal
