
Microsoft Visual Studio Solution File, Format Version 12.00
# Visual Studio Version 16
VisualStudioVersion = 16.0.28803.202
MinimumVisualStudioVersion = 10.0.40219.1
Project("{9A19103F-16F7-4668-BE54-9A1E7A4F7556}") = "Palindrome.Library", "Palindrome.Library\Palindrome.Library.csproj", "{23983D6D-0C78-47F1-B841-3E796BDEA2B2}"
EndProject
Project("{9A19103F-16F7-4668-BE54-9A1E7A4F7556}") = "Palindrome.Test", "Palinedrome.Test\Palindrome.Test.csproj", "{2DA61290-9937-4B94-A028-AF867D58D2C6}"
EndProject
Global
	GlobalSection(SolutionConfigurationPlatforms) = preSolution
		Debug|Any CPU = Debug|Any CPU
		Release|Any CPU = Release|Any CPU
	EndGlobalSection
	GlobalSection(ProjectConfigurationPlatforms) = postSolution
		{23983D6D-0C78-47F1-B841-3E796BDEA2B2}.Debug|Any CPU.ActiveCfg = Debug|Any CPU
		{23983D6D-0C78-47F1-B841-3E796BDEA2B2}.Debug|Any CPU.Build.0 = Debug|Any CPU
		{23983D6D-0C78-47F1-B841-3E796BDEA2B2}.Release|Any CPU.ActiveCfg = Release|Any CPU
		{23983D6D-0C78-47F1-B841-3E796BDEA2B2}.Release|Any CPU.Build.0 = Release|Any CPU
		{2DA61290-9937-4B94-A028-AF867D58D2C6}.Debug|Any CPU.ActiveCfg = Debug|Any CPU
		{2DA61290-9937-4B94-A028-AF867D58D2C6}.Debug|Any CPU.Build.0 = Debug|Any CPU
		{2DA61290-9937-4B94-A028-AF867D58D2C6}.Release|Any CPU.ActiveCfg = Release|Any CPU
		{2DA61290-9937-4B94-A028-AF867D58D2C6}.Release|Any CPU.Build.0 = Release|Any CPU
	EndGlobalSection
	GlobalSection(SolutionProperties) = preSolution
		HideSolutionNode = FALSE
	EndGlobalSection
	GlobalSection(ExtensibilityGlobals) = postSolution
		SolutionGuid = {373DC30E-4A09-47C9-BE9E-AA960C03D71F}
	EndGlobalSection
EndGlobal
